# This file was autogenerated by uv via the following command:
#    uv export --project agentguard-product --locked --no-dev --all-extras --no-emit-project --no-hashes --format requirements.txt --output-file agentguard-product/requirements.lock
agent-trust @ git+https://github.com/chenglin1112/AgentTrust.git@aee262344315e29b4d0a9e23eb180af9b8193d6b
    # via agentguard
alembic==1.18.4
    # via agentguard
annotated-doc==0.0.4
    # via fastapi
annotated-types==0.7.0
    # via pydantic
anyio==4.13.0
    # via
    #   google-genai
    #   httpx
    #   starlette
async-timeout==5.0.1 ; python_full_version < '3.11.3'
    # via redis
certifi==2026.5.20
    # via
    #   httpcore
    #   httpx
    #   requests
cffi==2.0.0 ; platform_python_implementation != 'PyPy'
    # via cryptography
charset-normalizer==3.4.7
    # via requests
click==8.4.1
    # via uvicorn
colorama==0.4.6 ; sys_platform == 'win32'
    # via
    #   click
    #   pytest
cryptography==48.0.0
    # via google-auth
distro==1.9.0
    # via google-genai
fastapi==0.136.3
    # via agentguard
google-auth==2.53.0
    # via google-genai
google-genai==1.75.0
    # via agentguard
greenlet==3.5.1 ; platform_machine == 'AMD64' or platform_machine == 'WIN32' or platform_machine == 'aarch64' or platform_machine == 'amd64' or platform_machine == 'ppc64le' or platform_machine == 'win32' or platform_machine == 'x86_64'
    # via sqlalchemy
h11==0.16.0
    # via
    #   httpcore
    #   uvicorn
httpcore==1.0.9
    # via httpx
httpx==0.28.1
    # via
    #   agent-trust
    #   google-genai
idna==3.17
    # via
    #   anyio
    #   httpx
    #   requests
iniconfig==2.3.0
    # via pytest
jinja2==3.1.6
    # via agent-trust
mako==1.3.12
    # via alembic
markdown-it-py==4.2.0
    # via rich
markupsafe==3.0.3
    # via
    #   jinja2
    #   mako
mdurl==0.1.2
    # via markdown-it-py
packaging==26.2
    # via pytest
pluggy==1.6.0
    # via pytest
psycopg==3.3.4
    # via agentguard
psycopg-binary==3.3.4 ; implementation_name != 'pypy'
    # via psycopg
pyasn1==0.6.3
    # via pyasn1-modules
pyasn1-modules==0.4.2
    # via google-auth
pycparser==3.0 ; implementation_name != 'PyPy' and platform_python_implementation != 'PyPy'
    # via cffi
pydantic==2.13.4
    # via
    #   agent-trust
    #   agentguard
    #   fastapi
    #   google-genai
pydantic-core==2.46.4
    # via pydantic
pygments==2.20.0
    # via
    #   pytest
    #   rich
pytest==9.0.3
    # via agentguard
pyyaml==6.0.3
    # via
    #   agent-trust
    #   agentguard
redis==8.0.0
    # via agentguard
requests==2.34.2
    # via
    #   google-auth
    #   google-genai
rich==15.0.0
    # via agent-trust
ruff==0.15.15
    # via agentguard
sniffio==1.3.1
    # via google-genai
sqlalchemy==2.0.50
    # via
    #   agentguard
    #   alembic
starlette==1.2.1
    # via
    #   agentguard
    #   fastapi
tenacity==9.1.4
    # via google-genai
typing-extensions==4.15.0
    # via
    #   alembic
    #   anyio
    #   fastapi
    #   google-genai
    #   psycopg
    #   pydantic
    #   pydantic-core
    #   sqlalchemy
    #   starlette
    #   typing-inspection
typing-inspection==0.4.2
    # via
    #   fastapi
    #   pydantic
tzdata==2026.2 ; sys_platform == 'win32'
    # via psycopg
urllib3==2.7.0
    # via requests
uvicorn==0.48.0
    # via agentguard
websockets==15.0.1
    # via google-genai
